<?xml version="1.0" encoding="utf-8"?>
<Project ToolsVersion="4.0" xmlns="http://schemas.microsoft.com/developer/msbuild/2003">
  <ItemGroup>
    <FxCompile Include="Pixel.hlsl">
      <Filter>Engine\Shader Files</Filter>
    </FxCompile>
    <FxCompile Include="Vertex.hlsl">
      <Filter>Engine\Shader Files</Filter>
    </FxCompile>
  </ItemGroup>
  <ItemGroup>
    <ClCompile Include="Animation.cpp">
      <Filter>Engine\Source Files</Filter>
    </ClCompile>
    <ClCompile Include="Audio.cpp">
      <Filter>Engine\Source Files</Filter>
    </ClCompile>
    <ClCompile Include="Engine.cpp">
      <Filter>Engine\Source Files</Filter>
    </ClCompile>
    <ClCompile Include="Game.cpp">
      <Filter>Engine\Source Files</Filter>
    </ClCompile>
    <ClCompile Include="Geometry.cpp">
      <Filter>Engine\Source Files</Filter>
    </ClCompile>
    <ClCompile Include="Graphics.cpp">
      <Filter>Engine\Source Files</Filter>
    </ClCompile>
    <ClCompile Include="Image.cpp">
      <Filter>Engine\Source Files</Filter>
    </ClCompile>
    <ClCompile Include="Object.cpp">
      <Filter>Engine\Source Files</Filter>
    </ClCompile>
    <ClCompile Include="Renderer.cpp">
      <Filter>Engine\Source Files</Filter>
    </ClCompile>
    <ClCompile Include="Scene.cpp">
      <Filter>Engine\Source Files</Filter>
    </ClCompile>
    <ClCompile Include="Sound.cpp">
      <Filter>Engine\Source Files</Filter>
    </ClCompile>
    <ClCompile Include="Sprite.cpp">
      <Filter>Engine\Source Files</Filter>
    </ClCompile>
    <ClCompile Include="Texture.cpp">
      <Filter>Engine\Source Files</Filter>
    </ClCompile>
    <ClCompile Include="TileSet.cpp">
      <Filter>Engine\Source Files</Filter>
    </ClCompile>
    <ClCompile Include="Timer.cpp">
      <Filter>Engine\Source Files</Filter>
    </ClCompile>
    <ClCompile Include="Window.cpp">
      <Filter>Engine\Source Files</Filter>
    </ClCompile>
  </ItemGroup>
  <ItemGroup>
    <ClInclude Include="Window.h">
      <Filter>Engine\Header Files</Filter>
    </ClInclude>
    <ClInclude Include="Types.h">
      <Filter>Engine\Header Files</Filter>
    </ClInclude>
    <ClInclude Include="Timer.h">
      <Filter>Engine\Header Files</Filter>
    </ClInclude>
    <ClInclude Include="TileSet.h">
      <Filter>Engine\Header Files</Filter>
    </ClInclude>
    <ClInclude Include="Texture.h">
      <Filter>Engine\Header Files</Filter>
    </ClInclude>
    <ClInclude Include="Sprite.h">
      <Filter>Engine\Header Files</Filter>
    </ClInclude>
    <ClInclude Include="Sound.h">
      <Filter>Engine\Header Files</Filter>
    </ClInclude>
    <ClInclude Include="Scene.h">
      <Filter>Engine\Header Files</Filter>
    </ClInclude>
    <ClInclude Include="Renderer.h">
      <Filter>Engine\Header Files</Filter>
    </ClInclude>
    <ClInclude Include="Object.h">
      <Filter>Engine\Header Files</Filter>
    </ClInclude>
    <ClInclude Include="Image.h">
      <Filter>Engine\Header Files</Filter>
    </ClInclude>
    <ClInclude Include="Graphics.h">
      <Filter>Engine\Header Files</Filter>
    </ClInclude>
    <ClInclude Include="Geometry.h">
      <Filter>Engine\Header Files</Filter>
    </ClInclude>
    <ClInclude Include="Game.h">
      <Filter>Engine\Header Files</Filter>
    </ClInclude>
    <ClInclude Include="Engine.h">
      <Filter>Engine\Header Files</Filter>
    </ClInclude>
    <ClInclude Include="Audio.h">
      <Filter>Engine\Header Files</Filter>
    </ClInclude>
    <ClInclude Include="Animation.h">
      <Filter>Engine\Header Files</Filter>
    </ClInclude>
  </ItemGroup>
  <ItemGroup>
    <Filter Include="Engine">
      <UniqueIdentifier>{73fd003b-a65a-43ee-bf7f-3ea17eede736}</UniqueIdentifier>
    </Filter>
    <Filter Include="Engine\Source Files">
      <UniqueIdentifier>{29e3c27d-deba-410e-8221-418de3b7a565}</UniqueIdentifier>
    </Filter>
    <Filter Include="Engine\Header Files">
      <UniqueIdentifier>{daa3f1d6-6887-4495-b11f-fc6618881024}</UniqueIdentifier>
    </Filter>
    <Filter Include="Engine\Shader Files">
      <UniqueIdentifier>{e24904c6-2790-4e79-b6a7-671caf2fc0a1}</UniqueIdentifier>
    </Filter>
    <Filter Include="Game">
      <UniqueIdentifier>{2a32723d-d215-45c3-a474-7884ce20c8ec}</UniqueIdentifier>
    </Filter>
    <Filter Include="Game\Source Files">
      <UniqueIdentifier>{73d248af-9ee8-47f0-a2e7-74245957eeb8}</UniqueIdentifier>
    </Filter>
    <Filter Include="Game\Resource Files">
      <UniqueIdentifier>{4efdff25-27a8-42f1-9a9d-08840b82deb9}</UniqueIdentifier>
    </Filter>
    <Filter Include="Game\Header Files">
      <UniqueIdentifier>{702157e1-0bcc-475c-a8e2-6d426f38fe49}</UniqueIdentifier>
    </Filter>
  </ItemGroup>
</Project>